
Microsoft Visual Studio Solution File, Format Version 12.00
# Visual Studio Version 16
VisualStudioVersion = 16.0.31025.194
MinimumVisualStudioVersion = 10.0.40219.1
Project("{FAE04EC0-301F-11D3-BF4B-00C04F79EFBC}") = "games", "games\games.csproj", "{D5829EBA-4422-4F62-A75F-8F8F3BF11FE0}"
EndProject
Global
	GlobalSection(SolutionConfigurationPlatforms) = preSolution
		Debug|Any CPU = Debug|Any CPU
		Release|Any CPU = Release|Any CPU
	EndGlobalSection
	GlobalSection(ProjectConfigurationPlatforms) = postSolution
		{D5829EBA-4422-4F62-A75F-8F8F3BF11FE0}.Debug|Any CPU.ActiveCfg = Debug|Any CPU
		{D5829EBA-4422-4F62-A75F-8F8F3BF11FE0}.Debug|Any CPU.Build.0 = Debug|Any CPU
		{D5829EBA-4422-4F62-A75F-8F8F3BF11FE0}.Release|Any CPU.ActiveCfg = Release|Any CPU
		{D5829EBA-4422-4F62-A75F-8F8F3BF11FE0}.Release|Any CPU.Build.0 = Release|Any CPU
	EndGlobalSection
	GlobalSection(SolutionProperties) = preSolution
		HideSolutionNode = FALSE
	EndGlobalSection
	GlobalSection(ExtensibilityGlobals) = postSolution
		SolutionGuid = {A0C39DCF-B181-4081-B356-CBB8BCD2AFDE}
	EndGlobalSection
EndGlobal
